
Microsoft Visual Studio Solution File, Format Version 12.00
# Visual Studio 15
VisualStudioVersion = 15.0.27004.2009
MinimumVisualStudioVersion = 10.0.40219.1
Project("{FAE04EC0-301F-11D3-BF4B-00C04F79EFBC}") = "car_production_line", "car_production_line\car_production_line.csproj", "{AB08AD3A-B7A1-41FF-9AC3-E8E0FDA288FB}"
EndProject
Global
	GlobalSection(SolutionConfigurationPlatforms) = preSolution
		Debug|Any CPU = Debug|Any CPU
		Release|Any CPU = Release|Any CPU
	EndGlobalSection
	GlobalSection(ProjectConfigurationPlatforms) = postSolution
		{AB08AD3A-B7A1-41FF-9AC3-E8E0FDA288FB}.Debug|Any CPU.ActiveCfg = Debug|Any CPU
		{AB08AD3A-B7A1-41FF-9AC3-E8E0FDA288FB}.Debug|Any CPU.Build.0 = Debug|Any CPU
		{AB08AD3A-B7A1-41FF-9AC3-E8E0FDA288FB}.Release|Any CPU.ActiveCfg = Release|Any CPU
		{AB08AD3A-B7A1-41FF-9AC3-E8E0FDA288FB}.Release|Any CPU.Build.0 = Release|Any CPU
	EndGlobalSection
	GlobalSection(SolutionProperties) = preSolution
		HideSolutionNode = FALSE
	EndGlobalSection
	GlobalSection(ExtensibilityGlobals) = postSolution
		SolutionGuid = {FF58337B-5F4B-4EB4-9655-504118DA066F}
	EndGlobalSection
EndGlobal
